// !$*UTF8*$!
{
	archiveVersion = 1;
	classes = {
	};
	objectVersion = 46;
	objects = {

/* Begin PBXBuildFile section */
		73B6A5B4154EF3E000C1DF00 /* Cocoa.framework in Frameworks */ = {isa = PBXBuildFile; fileRef = 73B6A5B3154EF3E000C1DF00 /* Cocoa.framework */; };
		73B6A5BE154EF3E000C1DF00 /* InfoPlist.strings in Resources */ = {isa = PBXBuildFile; fileRef = 73B6A5BC154EF3E000C1DF00 /* InfoPlist.strings */; };
		73B6A5C0154EF3E000C1DF00 /* main.m in Sources */ = {isa = PBXBuildFile; fileRef = 73B6A5BF154EF3E000C1DF00 /* main.m */; };
		73B6A5C4154EF3E000C1DF00 /* Credits.rtf in Resources */ = {isa = PBXBuildFile; fileRef = 73B6A5C2154EF3E000C1DF00 /* Credits.rtf */; };
		73B6A5C7154EF3E000C1DF00 /* PCHTTPAppDelegate.m in Sources */ = {isa = PBXBuildFile; fileRef = 73B6A5C6154EF3E000C1DF00 /* PCHTTPAppDelegate.m */; };
		73B6A5CA154EF3E000C1DF00 /* MainMenu.xib in Resources */ = {isa = PBXBuildFile; fileRef = 73B6A5C8154EF3E000C1DF00 /* MainMenu.xib */; };
/* End PBXBuildFile section */

/* Begin PBXFileReference section */
		73B6A5AF154EF3E000C1DF00 /* PCHTTP.app */ = {isa = PBXFileReference; explicitFileType = wrapper.application; includeInIndex = 0; path = PCHTTP.app; sourceTree = BUILT_PRODUCTS_DIR; };
		73B6A5B3154EF3E000C1DF00 /* Cocoa.framework */ = {isa = PBXFileReference; lastKnownFileType = wrapper.framework; name = Cocoa.framework; path = System/Library/Frameworks/Cocoa.framework; sourceTree = SDKROOT; };
		73B6A5B6154EF3E000C1DF00 /* AppKit.framework */ = {isa = PBXFileReference; lastKnownFileType = wrapper.framework; name = AppKit.framework; path = System/Library/Frameworks/AppKit.framework; sourceTree = SDKROOT; };
		73B6A5B7154EF3E000C1DF00 /* CoreData.framework */ = {isa = PBXFileReference; lastKnownFileType = wrapper.framework; name = CoreData.framework; path = System/Library/Frameworks/CoreData.framework; sourceTree = SDKROOT; };
		73B6A5B8154EF3E000C1DF00 /* Foundation.framework */ = {isa = PBXFileReference; lastKnownFileType = wrapper.framework; name = Foundation.framework; path = System/Library/Frameworks/Foundation.framework; sourceTree = SDKROOT; };
		73B6A5BB154EF3E000C1DF00 /* PCHTTP-Info.plist */ = {isa = PBXFileReference; path = "PCHTTP-Info.plist"; sourceTree = "<group>"; };
		73B6A5BD154EF3E000C1DF00 /* en */ = {isa = PBXFileReference; lastKnownFileType = text.plist.strings; name = en; path = en.lproj/InfoPlist.strings; sourceTree = "<group>"; };
		73B6A5BF154EF3E000C1DF00 /* main.m */ = {isa = PBXFileReference; lastKnownFileType = sourcecode.c.objc; path = main.m; sourceTree = "<group>"; };
		73B6A5C1154EF3E000C1DF00 /* PCHTTP-Prefix.pch */ = {isa = PBXFileReference; path = "PCHTTP-Prefix.pch"; sourceTree = "<group>"; };
		73B6A5C3154EF3E000C1DF00 /* en */ = {isa = PBXFileReference; lastKnownFileType = text.rtf; name = en; path = en.lproj/Credits.rtf; sourceTree = "<group>"; };
		73B6A5C5154EF3E000C1DF00 /* PCHTTPAppDelegate.h */ = {isa = PBXFileReference; path = PCHTTPAppDelegate.h; sourceTree = "<group>"; };
		73B6A5C6154EF3E000C1DF00 /* PCHTTPAppDelegate.m */ = {isa = PBXFileReference; lastKnownFileType = sourcecode.c.objc; path = PCHTTPAppDelegate.m; sourceTree = "<group>"; };
		73B6A5C9154EF3E000C1DF00 /* en */ = {isa = PBXFileReference; lastKnownFileType = file.xib; name = en; path = en.lproj/MainMenu.xib; sourceTree = "<group>"; };
/* End PBXFileReference section */

/* Begin PBXFrameworksBuildPhase section */
		73B6A5AC154EF3E000C1DF00 /* Frameworks */ = {
			isa = PBXFrameworksBuildPhase;
			buildActionMask = 2147483647;
			files = (
				73B6A5B4154EF3E000C1DF00 /* Cocoa.framework in Frameworks */,
			);
			runOnlyForDeploymentPostprocessing = 0;
		};
/* End PBXFrameworksBuildPhase section */

/* Begin PBXGroup section */
		73B6A5A4154EF3DF00C1DF00 = {
			isa = PBXGroup;
			children = (
				73B6A5B9154EF3E000C1DF00 /* PCHTTP */,
				73B6A5B2154EF3E000C1DF00 /* Frameworks */,
				73B6A5B0154EF3E000C1DF00 /* Products */,
			);
			sourceTree = "<group>";
		};
		73B6A5B0154EF3E000C1DF00 /* Products */ = {
			isa = PBXGroup;
			children = (
				73B6A5AF154EF3E000C1DF00 /* PCHTTP.app */,
			);
			name = Products;
			sourceTree = "<group>";
		};
		73B6A5B2154EF3E000C1DF00 /* Frameworks */ = {
			isa = PBXGroup;
			children = (
				73B6A5B3154EF3E000C1DF00 /* Cocoa.framework */,
				73B6A5B5154EF3E000C1DF00 /* Other Frameworks */,
			);
			name = Frameworks;
			sourceTree = "<group>";
		};
		73B6A5B5154EF3E000C1DF00 /* Other Frameworks */ = {
			isa = PBXGroup;
			children = (
				73B6A5B6154EF3E000C1DF00 /* AppKit.framework */,
				73B6A5B7154EF3E000C1DF00 /* CoreData.framework */,
				73B6A5B8154EF3E000C1DF00 /* Foundation.framework */,
			);
			name = "Other Frameworks";
			sourceTree = "<group>";
		};
		73B6A5B9154EF3E000C1DF00 /* PCHTTP */ = {
			isa = PBXGroup;
			children = (
				73B6A5C5154EF3E000C1DF00 /* PCHTTPAppDelegate.h */,
				73B6A5C6154EF3E000C1DF00 /* PCHTTPAppDelegate.m */,
				73B6A5C8154EF3E000C1DF00 /* MainMenu.xib */,
				73B6A5BA154EF3E000C1DF00 /* Supporting Files */,
			);
			path = PCHTTP;
			sourceTree = "<group>";
		};
		73B6A5BA154EF3E000C1DF00 /* Supporting Files */ = {
			isa = PBXGroup;
			children = (
				73B6A5BB154EF3E000C1DF00 /* PCHTTP-Info.plist */,
				73B6A5BC154EF3E000C1DF00 /* InfoPlist.strings */,
				73B6A5BF154EF3E000C1DF00 /* main.m */,
				73B6A5C1154EF3E000C1DF00 /* PCHTTP-Prefix.pch */,
				73B6A5C2154EF3E000C1DF00 /* Credits.rtf */,
			);
			name = "Supporting Files";
			sourceTree = "<group>";
		};
/* End PBXGroup section */

/* Begin PBXNativeTarget section */
		73B6A5AE154EF3E000C1DF00 /* PCHTTP */ = {
			isa = PBXNativeTarget;
			buildConfigurationList = 73B6A5CD154EF3E000C1DF00 /* Build configuration list for PBXNativeTarget "PCHTTP" */;
			buildPhases = (
				73B6A5AB154EF3E000C1DF00 /* Sources */,
				73B6A5AC154EF3E000C1DF00 /* Frameworks */,
				73B6A5AD154EF3E000C1DF00 /* Resources */,
			);
			buildRules = (
			);
			dependencies = (
			);
			name = PCHTTP;
			productName = PCHTTP;
			productReference = 73B6A5AF154EF3E000C1DF00 /* PCHTTP.app */;
			productType = "com.apple.product-type.application";
		};
/* End PBXNativeTarget section */

/* Begin PBXProject section */
		73B6A5A6154EF3DF00C1DF00 /* Project object */ = {
			isa = PBXProject;
			attributes = {
				CLASSPREFIX = PCHTTP;
				LastUpgradeCheck = 0430;
			};
			buildConfigurationList = 73B6A5A9154EF3DF00C1DF00 /* Build configuration list for PBXProject "PCHTTP" */;
			compatibilityVersion = "Xcode 3.2";
			developmentRegion = English;
			hasScannedForEncodings = 0;
			knownRegions = (
				en,
			);
			mainGroup = 73B6A5A4154EF3DF00C1DF00;
			productRefGroup = 73B6A5B0154EF3E000C1DF00 /* Products */;
			projectDirPath = "";
			projectRoot = "";
			targets = (
				73B6A5AE154EF3E000C1DF00 /* PCHTTP */,
			);
		};
/* End PBXProject section */

/* Begin PBXResourcesBuildPhase section */
		73B6A5AD154EF3E000C1DF00 /* Resources */ = {
			isa = PBXResourcesBuildPhase;
			buildActionMask = 2147483647;
			files = (
				73B6A5BE154EF3E000C1DF00 /* InfoPlist.strings in Resources */,
				73B6A5C4154EF3E000C1DF00 /* Credits.rtf in Resources */,
				73B6A5CA154EF3E000C1DF00 /* MainMenu.xib in Resources */,
			);
			runOnlyForDeploymentPostprocessing = 0;
		};
/* End PBXResourcesBuildPhase section */

/* Begin PBXSourcesBuildPhase section */
		73B6A5AB154EF3E000C1DF00 /* Sources */ = {
			isa = PBXSourcesBuildPhase;
			buildActionMask = 2147483647;
			files = (
				73B6A5C0154EF3E000C1DF00 /* main.m in Sources */,
				73B6A5C7154EF3E000C1DF00 /* PCHTTPAppDelegate.m in Sources */,
			);
			runOnlyForDeploymentPostprocessing = 0;
		};
/* End PBXSourcesBuildPhase section */

/* Begin PBXVariantGroup section */
		73B6A5BC154EF3E000C1DF00 /* InfoPlist.strings */ = {
			isa = PBXVariantGroup;
			children = (
				73B6A5BD154EF3E000C1DF00 /* en */,
			);
			name = InfoPlist.strings;
			sourceTree = "<group>";
		};
		73B6A5C2154EF3E000C1DF00 /* Credits.rtf */ = {
			isa = PBXVariantGroup;
			children = (
				73B6A5C3154EF3E000C1DF00 /* en */,
			);
			name = Credits.rtf;
			sourceTree = "<group>";
		};
		73B6A5C8154EF3E000C1DF00 /* MainMenu.xib */ = {
			isa = PBXVariantGroup;
			children = (
				73B6A5C9154EF3E000C1DF00 /* en */,
			);
			name = MainMenu.xib;
			sourceTree = "<group>";
		};
/* End PBXVariantGroup section */

/* Begin XCBuildConfiguration section */
		73B6A5CB154EF3E000C1DF00 /* Debug */ = {
			isa = XCBuildConfiguration;
			buildSettings = {
				ALWAYS_SEARCH_USER_PATHS = NO;
				ARCHS = "$(ARCHS_STANDARD_64_BIT)";
				CLANG_ENABLE_OBJC_ARC = YES;
				COPY_PHASE_STRIP = NO;
				GCC_C_LANGUAGE_STANDARD = gnu99;
				GCC_DYNAMIC_NO_PIC = NO;
				GCC_ENABLE_OBJC_EXCEPTIONS = YES;
				GCC_OPTIMIZATION_LEVEL = 0;
				GCC_PREPROCESSOR_DEFINITIONS = (
					"DEBUG=1",
					"$(inherited)",
				);
				GCC_SYMBOLS_PRIVATE_EXTERN = NO;
				GCC_VERSION = com.apple.compilers.llvm.clang.1_0;
				GCC_WARN_64_TO_32_BIT_CONVERSION = YES;
				GCC_WARN_ABOUT_RETURN_TYPE = YES;
				GCC_WARN_UNINITIALIZED_AUTOS = YES;
				GCC_WARN_UNUSED_VARIABLE = YES;
				MACOSX_DEPLOYMENT_TARGET = 10.7;
				ONLY_ACTIVE_ARCH = YES;
				SDKROOT = macosx;
			};
			name = Debug;
		};
		73B6A5CC154EF3E000C1DF00 /* Release */ = {
			isa = XCBuildConfiguration;
			buildSettings = {
				ALWAYS_SEARCH_USER_PATHS = NO;
				ARCHS = "$(ARCHS_STANDARD_64_BIT)";
				CLANG_ENABLE_OBJC_ARC = YES;
				COPY_PHASE_STRIP = YES;
				DEBUG_INFORMATION_FORMAT = "dwarf-with-dsym";
				GCC_C_LANGUAGE_STANDARD = gnu99;
				GCC_ENABLE_OBJC_EXCEPTIONS = YES;
				GCC_VERSION = com.apple.compilers.llvm.clang.1_0;
				GCC_WARN_64_TO_32_BIT_CONVERSION = YES;
				GCC_WARN_ABOUT_RETURN_TYPE = YES;
				GCC_WARN_UNINITIALIZED_AUTOS = YES;
				GCC_WARN_UNUSED_VARIABLE = YES;
				MACOSX_DEPLOYMENT_TARGET = 10.7;
				SDKROOT = macosx;
			};
			name = Release;
		};
		73B6A5CE154EF3E000C1DF00 /* Debug */ = {
			isa = XCBuildConfiguration;
			buildSettings = {
				GCC_PRECOMPILE_PREFIX_HEADER = YES;
				GCC_PREFIX_HEADER = "PCHTTP/PCHTTP-Prefix.pch";
				INFOPLIST_FILE = "PCHTTP/PCHTTP-Info.plist";
				PRODUCT_NAME = "$(TARGET_NAME)";
				WRAPPER_EXTENSION = app;
			};
			name = Debug;
		};
		73B6A5CF154EF3E000C1DF00 /* Release */ = {
			isa = XCBuildConfiguration;
			buildSettings = {
				GCC_PRECOMPILE_PREFIX_HEADER = YES;
				GCC_PREFIX_HEADER = "PCHTTP/PCHTTP-Prefix.pch";
				INFOPLIST_FILE = "PCHTTP/PCHTTP-Info.plist";
				PRODUCT_NAME = "$(TARGET_NAME)";
				WRAPPER_EXTENSION = app;
			};
			name = Release;
		};
/* End XCBuildConfiguration section */

/* Begin XCConfigurationList section */
		73B6A5A9154EF3DF00C1DF00 /* Build configuration list for PBXProject "PCHTTP" */ = {
			isa = XCConfigurationList;
			buildConfigurations = (
				73B6A5CB154EF3E000C1DF00 /* Debug */,
				73B6A5CC154EF3E000C1DF00 /* Release */,
			);
			defaultConfigurationIsVisible = 0;
			defaultConfigurationName = Release;
		};
		73B6A5CD154EF3E000C1DF00 /* Build configuration list for PBXNativeTarget "PCHTTP" */ = {
			isa = XCConfigurationList;
			buildConfigurations = (
				73B6A5CE154EF3E000C1DF00 /* Debug */,
				73B6A5CF154EF3E000C1DF00 /* Release */,
			);
			defaultConfigurationIsVisible = 0;
		};
/* End XCConfigurationList section */
	};
	rootObject = 73B6A5A6154EF3DF00C1DF00 /* Project object */;
}
